// !$*UTF8*$!
{
	archiveVersion = 1;
	classes = {
	};
	objectVersion = 56;
	objects = {

/* Begin PBXBuildFile section */
		D050E7A62A3438CD00DAD9D4 /* .gitignore in Resources */ = {isa = PBXBuildFile; fileRef = D050E7A52A3438CD00DAD9D4 /* .gitignore */; };
		D050E7AB2A347B3100DAD9D4 /* Game.swift in Sources */ = {isa = PBXBuildFile; fileRef = D050E7AA2A347B3100DAD9D4 /* Game.swift */; };
		D050E7B32A352AD300DAD9D4 /* BulleyeTests.swift in Sources */ = {isa = PBXBuildFile; fileRef = D050E7B22A352AD300DAD9D4 /* BulleyeTests.swift */; };
		D0519DA42A32201400FACBCB /* BulleyeApp.swift in Sources */ = {isa = PBXBuildFile; fileRef = D0519DA32A32201400FACBCB /* BulleyeApp.swift */; };
		D0519DA62A32201400FACBCB /* ContentView.swift in Sources */ = {isa = PBXBuildFile; fileRef = D0519DA52A32201400FACBCB /* ContentView.swift */; };
		D0519DA82A32201600FACBCB /* Assets.xcassets in Resources */ = {isa = PBXBuildFile; fileRef = D0519DA72A32201600FACBCB /* Assets.xcassets */; };
		D0519DAB2A32201600FACBCB /* Preview Assets.xcassets in Resources */ = {isa = PBXBuildFile; fileRef = D0519DAA2A32201600FACBCB /* Preview Assets.xcassets */; };
		D0F1FB222A47028400506124 /* TextViews.swift in Sources */ = {isa = PBXBuildFile; fileRef = D0F1FB212A47028300506124 /* TextViews.swift */; };
/* End PBXBuildFile section */

/* Begin PBXContainerItemProxy section */
		D050E7B42A352AD300DAD9D4 /* PBXContainerItemProxy */ = {
			isa = PBXContainerItemProxy;
			containerPortal = D0519D982A32201400FACBCB /* Project object */;
			proxyType = 1;
			remoteGlobalIDString = D0519D9F2A32201400FACBCB;
			remoteInfo = Bulleye;
		};
/* End PBXContainerItemProxy section */

/* Begin PBXFileReference section */
		D050E7A42A34367400DAD9D4 /* .gitignore.xctestplan */ = {isa = PBXFileReference; lastKnownFileType = text; path = .gitignore.xctestplan; sourceTree = "<group>"; };
		D050E7A52A3438CD00DAD9D4 /* .gitignore */ = {isa = PBXFileReference; lastKnownFileType = text; path = .gitignore; sourceTree = "<group>"; };
		D050E7AA2A347B3100DAD9D4 /* Game.swift */ = {isa = PBXFileReference; lastKnownFileType = sourcecode.swift; path = Game.swift; sourceTree = "<group>"; };
		D050E7B02A352AD300DAD9D4 /* BulleyeTests.xctest */ = {isa = PBXFileReference; explicitFileType = wrapper.cfbundle; includeInIndex = 0; path = BulleyeTests.xctest; sourceTree = BUILT_PRODUCTS_DIR; };
		D050E7B22A352AD300DAD9D4 /* BulleyeTests.swift */ = {isa = PBXFileReference; lastKnownFileType = sourcecode.swift; path = BulleyeTests.swift; sourceTree = "<group>"; };
		D0519DA02A32201400FACBCB /* Bulleye.app */ = {isa = PBXFileReference; explicitFileType = wrapper.application; includeInIndex = 0; path = Bulleye.app; sourceTree = BUILT_PRODUCTS_DIR; };
		D0519DA32A32201400FACBCB /* BulleyeApp.swift */ = {isa = PBXFileReference; lastKnownFileType = sourcecode.swift; path = BulleyeApp.swift; sourceTree = "<group>"; };
		D0519DA52A32201400FACBCB /* ContentView.swift */ = {isa = PBXFileReference; lastKnownFileType = sourcecode.swift; path = ContentView.swift; sourceTree = "<group>"; };
		D0519DA72A32201600FACBCB /* Assets.xcassets */ = {isa = PBXFileReference; lastKnownFileType = folder.assetcatalog; path = Assets.xcassets; sourceTree = "<group>"; };
		D0519DAA2A32201600FACBCB /* Preview Assets.xcassets */ = {isa = PBXFileReference; lastKnownFileType = folder.assetcatalog; path = "Preview Assets.xcassets"; sourceTree = "<group>"; };
		D0F1FB212A47028300506124 /* TextViews.swift */ = {isa = PBXFileReference; lastKnownFileType = sourcecode.swift; path = TextViews.swift; sourceTree = "<group>"; };
/* End PBXFileReference section */

/* Begin PBXFrameworksBuildPhase section */
		D050E7AD2A352AD300DAD9D4 /* Frameworks */ = {
			isa = PBXFrameworksBuildPhase;
			buildActionMask = 2147483647;
			files = (
			);
			runOnlyForDeploymentPostprocessing = 0;
		};
		D0519D9D2A32201400FACBCB /* Frameworks */ = {
			isa = PBXFrameworksBuildPhase;
			buildActionMask = 2147483647;
			files = (
			);
			runOnlyForDeploymentPostprocessing = 0;
		};
/* End PBXFrameworksBuildPhase section */

/* Begin PBXGroup section */
		D050E7A72A347A1700DAD9D4 /* Models */ = {
			isa = PBXGroup;
			children = (
				D050E7AA2A347B3100DAD9D4 /* Game.swift */,
			);
			path = Models;
			sourceTree = "<group>";
		};
		D050E7A82A347A5C00DAD9D4 /* Views */ = {
			isa = PBXGroup;
			children = (
				D0519DA52A32201400FACBCB /* ContentView.swift */,
				D0F1FB212A47028300506124 /* TextViews.swift */,
			);
			path = Views;
			sourceTree = "<group>";
		};
		D050E7A92A347A9C00DAD9D4 /* App */ = {
			isa = PBXGroup;
			children = (
				D0519DA72A32201600FACBCB /* Assets.xcassets */,
				D0519DA32A32201400FACBCB /* BulleyeApp.swift */,
			);
			path = App;
			sourceTree = "<group>";
		};
		D050E7B12A352AD300DAD9D4 /* BulleyeTests */ = {
			isa = PBXGroup;
			children = (
				D050E7B22A352AD300DAD9D4 /* BulleyeTests.swift */,
			);
			path = BulleyeTests;
			sourceTree = "<group>";
		};
		D0519D972A32201400FACBCB = {
			isa = PBXGroup;
			children = (
				D050E7A52A3438CD00DAD9D4 /* .gitignore */,
				D0519DA22A32201400FACBCB /* Bulleye */,
				D050E7B12A352AD300DAD9D4 /* BulleyeTests */,
				D0519DA12A32201400FACBCB /* Products */,
			);
			sourceTree = "<group>";
		};
		D0519DA12A32201400FACBCB /* Products */ = {
			isa = PBXGroup;
			children = (
				D0519DA02A32201400FACBCB /* Bulleye.app */,
				D050E7B02A352AD300DAD9D4 /* BulleyeTests.xctest */,
			);
			name = Products;
			sourceTree = "<group>";
		};
		D0519DA22A32201400FACBCB /* Bulleye */ = {
			isa = PBXGroup;
			children = (
				D050E7A92A347A9C00DAD9D4 /* App */,
				D050E7A82A347A5C00DAD9D4 /* Views */,
				D050E7A72A347A1700DAD9D4 /* Models */,
				D050E7A42A34367400DAD9D4 /* .gitignore.xctestplan */,
				D0519DA92A32201600FACBCB /* Preview Content */,
			);
			path = Bulleye;
			sourceTree = "<group>";
		};
		D0519DA92A32201600FACBCB /* Preview Content */ = {
			isa = PBXGroup;
			children = (
				D0519DAA2A32201600FACBCB /* Preview Assets.xcassets */,
			);
			path = "Preview Content";
			sourceTree = "<group>";
		};
/* End PBXGroup section */

/* Begin PBXNativeTarget section */
		D050E7AF2A352AD300DAD9D4 /* BulleyeTests */ = {
			isa = PBXNativeTarget;
			buildConfigurationList = D050E7B62A352AD300DAD9D4 /* Build configuration list for PBXNativeTarget "BulleyeTests" */;
			buildPhases = (
				D050E7AC2A352AD300DAD9D4 /* Sources */,
				D050E7AD2A352AD300DAD9D4 /* Frameworks */,
				D050E7AE2A352AD300DAD9D4 /* Resources */,
			);
			buildRules = (
			);
			dependencies = (
				D050E7B52A352AD300DAD9D4 /* PBXTargetDependency */,
			);
			name = BulleyeTests;
			productName = BulleyeTests;
			productReference = D050E7B02A352AD300DAD9D4 /* BulleyeTests.xctest */;
			productType = "com.apple.product-type.bundle.unit-test";
		};
		D0519D9F2A32201400FACBCB /* Bulleye */ = {
			isa = PBXNativeTarget;
			buildConfigurationList = D0519DAE2A32201600FACBCB /* Build configuration list for PBXNativeTarget "Bulleye" */;
			buildPhases = (
				D0519D9C2A32201400FACBCB /* Sources */,
				D0519D9D2A32201400FACBCB /* Frameworks */,
				D0519D9E2A32201400FACBCB /* Resources */,
			);
			buildRules = (
			);
			dependencies = (
			);
			name = Bulleye;
			productName = Bulleye;
			productReference = D0519DA02A32201400FACBCB /* Bulleye.app */;
			productType = "com.apple.product-type.application";
		};
/* End PBXNativeTarget section */

/* Begin PBXProject section */
		D0519D982A32201400FACBCB /* Project object */ = {
			isa = PBXProject;
			attributes = {
				BuildIndependentTargetsInParallel = 1;
				LastSwiftUpdateCheck = 1430;
				LastUpgradeCheck = 1430;
				TargetAttributes = {
					D050E7AF2A352AD300DAD9D4 = {
						CreatedOnToolsVersion = 14.3.1;
						TestTargetID = D0519D9F2A32201400FACBCB;
					};
					D0519D9F2A32201400FACBCB = {
						CreatedOnToolsVersion = 14.3.1;
					};
				};
			};
			buildConfigurationList = D0519D9B2A32201400FACBCB /* Build configuration list for PBXProject "Bulleye" */;
			compatibilityVersion = "Xcode 14.0";
			developmentRegion = en;
			hasScannedForEncodings = 0;
			knownRegions = (
				en,
				Base,
			);
			mainGroup = D0519D972A32201400FACBCB;
			productRefGroup = D0519DA12A32201400FACBCB /* Products */;
			projectDirPath = "";
			projectRoot = "";
			targets = (
				D0519D9F2A32201400FACBCB /* Bulleye */,
				D050E7AF2A352AD300DAD9D4 /* BulleyeTests */,
			);
		};
/* End PBXProject section */

/* Begin PBXResourcesBuildPhase section */
		D050E7AE2A352AD300DAD9D4 /* Resources */ = {
			isa = PBXResourcesBuildPhase;
			buildActionMask = 2147483647;
			files = (
			);
			runOnlyForDeploymentPostprocessing = 0;
		};
		D0519D9E2A32201400FACBCB /* Resources */ = {
			isa = PBXResourcesBuildPhase;
			buildActionMask = 2147483647;
			files = (
				D0519DAB2A32201600FACBCB /* Preview Assets.xcassets in Resources */,
				D050E7A62A3438CD00DAD9D4 /* .gitignore in Resources */,
				D0519DA82A32201600FACBCB /* Assets.xcassets in Resources */,
			);
			runOnlyForDeploymentPostprocessing = 0;
		};
/* End PBXResourcesBuildPhase section */

/* Begin PBXSourcesBuildPhase section */
		D050E7AC2A352AD300DAD9D4 /* Sources */ = {
			isa = PBXSourcesBuildPhase;
			buildActionMask = 2147483647;
			files = (
				D050E7B32A352AD300DAD9D4 /* BulleyeTests.swift in Sources */,
			);
			runOnlyForDeploymentPostprocessing = 0;
		};
		D0519D9C2A32201400FACBCB /* Sources */ = {
			isa = PBXSourcesBuildPhase;
			buildActionMask = 2147483647;
			files = (
				D0519DA62A32201400FACBCB /* ContentView.swift in Sources */,
				D0F1FB222A47028400506124 /* TextViews.swift in Sources */,
				D050E7AB2A347B3100DAD9D4 /* Game.swift in Sources */,
				D0519DA42A32201400FACBCB /* BulleyeApp.swift in Sources */,
			);
			runOnlyForDeploymentPostprocessing = 0;
		};
/* End PBXSourcesBuildPhase section */

/* Begin PBXTargetDependency section */
		D050E7B52A352AD300DAD9D4 /* PBXTargetDependency */ = {
			isa = PBXTargetDependency;
			target = D0519D9F2A32201400FACBCB /* Bulleye */;
			targetProxy = D050E7B42A352AD300DAD9D4 /* PBXContainerItemProxy */;
		};
/* End PBXTargetDependency section */

/* Begin XCBuildConfiguration section */
		D050E7B72A352AD300DAD9D4 /* Debug */ = {
			isa = XCBuildConfiguration;
			buildSettings = {
				BUNDLE_LOADER = "$(TEST_HOST)";
				CODE_SIGN_STYLE = Automatic;
				CURRENT_PROJECT_VERSION = 1;
				GENERATE_INFOPLIST_FILE = YES;
				IPHONEOS_DEPLOYMENT_TARGET = 16.4;
				MACOSX_DEPLOYMENT_TARGET = 13.3;
				MARKETING_VERSION = 1.0;
				PRODUCT_BUNDLE_IDENTIFIER = com.ephemzy.BulleyeTests;
				PRODUCT_NAME = "$(TARGET_NAME)";
				SDKROOT = auto;
				SUPPORTED_PLATFORMS = "iphoneos iphonesimulator macosx";
				SWIFT_EMIT_LOC_STRINGS = NO;
				SWIFT_VERSION = 5.0;
				TARGETED_DEVICE_FAMILY = "1,2";
				TEST_HOST = "$(BUILT_PRODUCTS_DIR)/Bulleye.app/$(BUNDLE_EXECUTABLE_FOLDER_PATH)/Bulleye";
			};
			name = Debug;
		};
		D050E7B82A352AD300DAD9D4 /* Release */ = {
			isa = XCBuildConfiguration;
			buildSettings = {
				BUNDLE_LOADER = "$(TEST_HOST)";
				CODE_SIGN_STYLE = Automatic;
				CURRENT_PROJECT_VERSION = 1;
				GENERATE_INFOPLIST_FILE = YES;
				IPHONEOS_DEPLOYMENT_TARGET = 16.4;
				MACOSX_DEPLOYMENT_TARGET = 13.3;
				MARKETING_VERSION = 1.0;
				PRODUCT_BUNDLE_IDENTIFIER = com.ephemzy.BulleyeTests;
				PRODUCT_NAME = "$(TARGET_NAME)";
				SDKROOT = auto;
				SUPPORTED_PLATFORMS = "iphoneos iphonesimulator macosx";
				SWIFT_EMIT_LOC_STRINGS = NO;
				SWIFT_VERSION = 5.0;
				TARGETED_DEVICE_FAMILY = "1,2";
				TEST_HOST = "$(BUILT_PRODUCTS_DIR)/Bulleye.app/$(BUNDLE_EXECUTABLE_FOLDER_PATH)/Bulleye";
			};
			name = Release;
		};
		D0519DAC2A32201600FACBCB /* Debug */ = {
			isa = XCBuildConfiguration;
			buildSettings = {
				ALWAYS_SEARCH_USER_PATHS = NO;
				CLANG_ANALYZER_NONNULL = YES;
				CLANG_ANALYZER_NUMBER_OBJECT_CONVERSION = YES_AGGRESSIVE;
				CLANG_CXX_LANGUAGE_STANDARD = "gnu++20";
				CLANG_ENABLE_MODULES = YES;
				CLANG_ENABLE_OBJC_ARC = YES;
				CLANG_ENABLE_OBJC_WEAK = YES;
				CLANG_WARN_BLOCK_CAPTURE_AUTORELEASING = YES;
				CLANG_WARN_BOOL_CONVERSION = YES;
				CLANG_WARN_COMMA = YES;
				CLANG_WARN_CONSTANT_CONVERSION = YES;
				CLANG_WARN_DEPRECATED_OBJC_IMPLEMENTATIONS = YES;
				CLANG_WARN_DIRECT_OBJC_ISA_USAGE = YES_ERROR;
				CLANG_WARN_DOCUMENTATION_COMMENTS = YES;
				CLANG_WARN_EMPTY_BODY = YES;
				CLANG_WARN_ENUM_CONVERSION = YES;
				CLANG_WARN_INFINITE_RECURSION = YES;
				CLANG_WARN_INT_CONVERSION = YES;
				CLANG_WARN_NON_LITERAL_NULL_CONVERSION = YES;
				CLANG_WARN_OBJC_IMPLICIT_RETAIN_SELF = YES;
				CLANG_WARN_OBJC_LITERAL_CONVERSION = YES;
				CLANG_WARN_OBJC_ROOT_CLASS = YES_ERROR;
				CLANG_WARN_QUOTED_INCLUDE_IN_FRAMEWORK_HEADER = YES;
				CLANG_WARN_RANGE_LOOP_ANALYSIS = YES;
				CLANG_WARN_STRICT_PROTOTYPES = YES;
				CLANG_WARN_SUSPICIOUS_MOVE = YES;
				CLANG_WARN_UNGUARDED_AVAILABILITY = YES_AGGRESSIVE;
				CLANG_WARN_UNREACHABLE_CODE = YES;
				CLANG_WARN__DUPLICATE_METHOD_MATCH = YES;
				COPY_PHASE_STRIP = NO;
				DEBUG_INFORMATION_FORMAT = dwarf;
				ENABLE_STRICT_OBJC_MSGSEND = YES;
				ENABLE_TESTABILITY = YES;
				GCC_C_LANGUAGE_STANDARD = gnu11;
				GCC_DYNAMIC_NO_PIC = NO;
				GCC_NO_COMMON_BLOCKS = YES;
				GCC_OPTIMIZATION_LEVEL = 0;
				GCC_PREPROCESSOR_DEFINITIONS = (
					"DEBUG=1",
					"$(inherited)",
				);
				GCC_WARN_64_TO_32_BIT_CONVERSION = YES;
				GCC_WARN_ABOUT_RETURN_TYPE = YES_ERROR;
				GCC_WARN_UNDECLARED_SELECTOR = YES;
				GCC_WARN_UNINITIALIZED_AUTOS = YES_AGGRESSIVE;
				GCC_WARN_UNUSED_FUNCTION = YES;
				GCC_WARN_UNUSED_VARIABLE = YES;
				IPHONEOS_DEPLOYMENT_TARGET = 16.4;
				MTL_ENABLE_DEBUG_INFO = INCLUDE_SOURCE;
				MTL_FAST_MATH = YES;
				ONLY_ACTIVE_ARCH = YES;
				SDKROOT = iphoneos;
				SWIFT_ACTIVE_COMPILATION_CONDITIONS = DEBUG;
				SWIFT_OPTIMIZATION_LEVEL = "-Onone";
			};
			name = Debug;
		};
		D0519DAD2A32201600FACBCB /* Release */ = {
			isa = XCBuildConfiguration;
			buildSettings = {
				ALWAYS_SEARCH_USER_PATHS = NO;
				CLANG_ANALYZER_NONNULL = YES;
				CLANG_ANALYZER_NUMBER_OBJECT_CONVERSION = YES_AGGRESSIVE;
				CLANG_CXX_LANGUAGE_STANDARD = "gnu++20";
				CLANG_ENABLE_MODULES = YES;
				CLANG_ENABLE_OBJC_ARC = YES;
				CLANG_ENABLE_OBJC_WEAK = YES;
				CLANG_WARN_BLOCK_CAPTURE_AUTORELEASING = YES;
				CLANG_WARN_BOOL_CONVERSION = YES;
				CLANG_WARN_COMMA = YES;
				CLANG_WARN_CONSTANT_CONVERSION = YES;
				CLANG_WARN_DEPRECATED_OBJC_IMPLEMENTATIONS = YES;
				CLANG_WARN_DIRECT_OBJC_ISA_USAGE = YES_ERROR;
				CLANG_WARN_DOCUMENTATION_COMMENTS = YES;
				CLANG_WARN_EMPTY_BODY = YES;
				CLANG_WARN_ENUM_CONVERSION = YES;
				CLANG_WARN_INFINITE_RECURSION = YES;
				CLANG_WARN_INT_CONVERSION = YES;
				CLANG_WARN_NON_LITERAL_NULL_CONVERSION = YES;
				CLANG_WARN_OBJC_IMPLICIT_RETAIN_SELF = YES;
				CLANG_WARN_OBJC_LITERAL_CONVERSION = YES;
				CLANG_WARN_OBJC_ROOT_CLASS = YES_ERROR;
				CLANG_WARN_QUOTED_INCLUDE_IN_FRAMEWORK_HEADER = YES;
				CLANG_WARN_RANGE_LOOP_ANALYSIS = YES;
				CLANG_WARN_STRICT_PROTOTYPES = YES;
				CLANG_WARN_SUSPICIOUS_MOVE = YES;
				CLANG_WARN_UNGUARDED_AVAILABILITY = YES_AGGRESSIVE;
				CLANG_WARN_UNREACHABLE_CODE = YES;
				CLANG_WARN__DUPLICATE_METHOD_MATCH = YES;
				COPY_PHASE_STRIP = NO;
				DEBUG_INFORMATION_FORMAT = "dwarf-with-dsym";
				ENABLE_NS_ASSERTIONS = NO;
				ENABLE_STRICT_OBJC_MSGSEND = YES;
				GCC_C_LANGUAGE_STANDARD = gnu11;
				GCC_NO_COMMON_BLOCKS = YES;
				GCC_WARN_64_TO_32_BIT_CONVERSION = YES;
				GCC_WARN_ABOUT_RETURN_TYPE = YES_ERROR;
				GCC_WARN_UNDECLARED_SELECTOR = YES;
				GCC_WARN_UNINITIALIZED_AUTOS = YES_AGGRESSIVE;
				GCC_WARN_UNUSED_FUNCTION = YES;
				GCC_WARN_UNUSED_VARIABLE = YES;
				IPHONEOS_DEPLOYMENT_TARGET = 16.4;
				MTL_ENABLE_DEBUG_INFO = NO;
				MTL_FAST_MATH = YES;
				SDKROOT = iphoneos;
				SWIFT_COMPILATION_MODE = wholemodule;
				SWIFT_OPTIMIZATION_LEVEL = "-O";
				VALIDATE_PRODUCT = YES;
			};
			name = Release;
		};
		D0519DAF2A32201600FACBCB /* Debug */ = {
			isa = XCBuildConfiguration;
			buildSettings = {
				ASSETCATALOG_COMPILER_APPICON_NAME = AppIcon;
				ASSETCATALOG_COMPILER_GLOBAL_ACCENT_COLOR_NAME = AccentColor;
				CODE_SIGN_STYLE = Automatic;
				CURRENT_PROJECT_VERSION = 1;
				DEVELOPMENT_ASSET_PATHS = "\"Bulleye/Preview Content\"";
				ENABLE_PREVIEWS = YES;
				GENERATE_INFOPLIST_FILE = YES;
				INFOPLIST_KEY_UIApplicationSceneManifest_Generation = YES;
				INFOPLIST_KEY_UIApplicationSupportsIndirectInputEvents = YES;
				INFOPLIST_KEY_UILaunchScreen_Generation = YES;
				INFOPLIST_KEY_UISupportedInterfaceOrientations_iPad = "UIInterfaceOrientationPortrait UIInterfaceOrientationPortraitUpsideDown UIInterfaceOrientationLandscapeLeft UIInterfaceOrientationLandscapeRight";
				INFOPLIST_KEY_UISupportedInterfaceOrientations_iPhone = "UIInterfaceOrientationPortrait UIInterfaceOrientationLandscapeLeft UIInterfaceOrientationLandscapeRight";
				LD_RUNPATH_SEARCH_PATHS = (
					"$(inherited)",
					"@executable_path/Frameworks",
				);
				MARKETING_VERSION = 1.0;
				PRODUCT_BUNDLE_IDENTIFIER = com.ephemzy.Bulleye;
				PRODUCT_NAME = "$(TARGET_NAME)";
				SWIFT_EMIT_LOC_STRINGS = YES;
				SWIFT_VERSION = 5.0;
				TARGETED_DEVICE_FAMILY = "1,2";
			};
			name = Debug;
		};
		D0519DB02A32201600FACBCB /* Release */ = {
			isa = XCBuildConfiguration;
			buildSettings = {
				ASSETCATALOG_COMPILER_APPICON_NAME = AppIcon;
				ASSETCATALOG_COMPILER_GLOBAL_ACCENT_COLOR_NAME = AccentColor;
				CODE_SIGN_STYLE = Automatic;
				CURRENT_PROJECT_VERSION = 1;
				DEVELOPMENT_ASSET_PATHS = "\"Bulleye/Preview Content\"";
				ENABLE_PREVIEWS = YES;
				GENERATE_INFOPLIST_FILE = YES;
				INFOPLIST_KEY_UIApplicationSceneManifest_Generation = YES;
				INFOPLIST_KEY_UIApplicationSupportsIndirectInputEvents = YES;
				INFOPLIST_KEY_UILaunchScreen_Generation = YES;
				INFOPLIST_KEY_UISupportedInterfaceOrientations_iPad = "UIInterfaceOrientationPortrait UIInterfaceOrientationPortraitUpsideDown UIInterfaceOrientationLandscapeLeft UIInterfaceOrientationLandscapeRight";
				INFOPLIST_KEY_UISupportedInterfaceOrientations_iPhone = "UIInterfaceOrientationPortrait UIInterfaceOrientationLandscapeLeft UIInterfaceOrientationLandscapeRight";
				LD_RUNPATH_SEARCH_PATHS = (
					"$(inherited)",
					"@executable_path/Frameworks",
				);
				MARKETING_VERSION = 1.0;
				PRODUCT_BUNDLE_IDENTIFIER = com.ephemzy.Bulleye;
				PRODUCT_NAME = "$(TARGET_NAME)";
				SWIFT_EMIT_LOC_STRINGS = YES;
				SWIFT_VERSION = 5.0;
				TARGETED_DEVICE_FAMILY = "1,2";
			};
			name = Release;
		};
/* End XCBuildConfiguration section */

/* Begin XCConfigurationList section */
		D050E7B62A352AD300DAD9D4 /* Build configuration list for PBXNativeTarget "BulleyeTests" */ = {
			isa = XCConfigurationList;
			buildConfigurations = (
				D050E7B72A352AD300DAD9D4 /* Debug */,
				D050E7B82A352AD300DAD9D4 /* Release */,
			);
			defaultConfigurationIsVisible = 0;
			defaultConfigurationName = Release;
		};
		D0519D9B2A32201400FACBCB /* Build configuration list for PBXProject "Bulleye" */ = {
			isa = XCConfigurationList;
			buildConfigurations = (
				D0519DAC2A32201600FACBCB /* Debug */,
				D0519DAD2A32201600FACBCB /* Release */,
			);
			defaultConfigurationIsVisible = 0;
			defaultConfigurationName = Release;
		};
		D0519DAE2A32201600FACBCB /* Build configuration list for PBXNativeTarget "Bulleye" */ = {
			isa = XCConfigurationList;
			buildConfigurations = (
				D0519DAF2A32201600FACBCB /* Debug */,
				D0519DB02A32201600FACBCB /* Release */,
			);
			defaultConfigurationIsVisible = 0;
			defaultConfigurationName = Release;
		};
/* End XCConfigurationList section */
	};
	rootObject = D0519D982A32201400FACBCB /* Project object */;
}
